// !$*UTF8*$!
{
	archiveVersion = 1;
	classes = {
	};
	objectVersion = 50;
	objects = {

/* Begin PBXBuildFile section */
		92BC83F22290A43E009DCB4D /* AppDelegate.swift in Sources */ = {isa = PBXBuildFile; fileRef = 92BC83F12290A43E009DCB4D /* AppDelegate.swift */; };
		92BC83F42290A43E009DCB4D /* ViewController.swift in Sources */ = {isa = PBXBuildFile; fileRef = 92BC83F32290A43E009DCB4D /* ViewController.swift */; };
		92BC83F72290A43E009DCB4D /* Main.storyboard in Resources */ = {isa = PBXBuildFile; fileRef = 92BC83F52290A43E009DCB4D /* Main.storyboard */; };
		92BC83F92290A43F009DCB4D /* Assets.xcassets in Resources */ = {isa = PBXBuildFile; fileRef = 92BC83F82290A43F009DCB4D /* Assets.xcassets */; };
		92BC83FC2290A43F009DCB4D /* LaunchScreen.storyboard in Resources */ = {isa = PBXBuildFile; fileRef = 92BC83FA2290A43F009DCB4D /* LaunchScreen.storyboard */; };
		92BC84072290A43F009DCB4D /* TestAppTests.swift in Sources */ = {isa = PBXBuildFile; fileRef = 92BC84062290A43F009DCB4D /* TestAppTests.swift */; };
		92BC84122290A43F009DCB4D /* TestAppUITests.swift in Sources */ = {isa = PBXBuildFile; fileRef = 92BC84112290A43F009DCB4D /* TestAppUITests.swift */; };
/* End PBXBuildFile section */

/* Begin PBXContainerItemProxy section */
		92BC84032290A43F009DCB4D /* PBXContainerItemProxy */ = {
			isa = PBXContainerItemProxy;
			containerPortal = 92BC83E62290A43E009DCB4D /* Project object */;
			proxyType = 1;
			remoteGlobalIDString = 92BC83ED2290A43E009DCB4D;
			remoteInfo = TestApp;
		};
		92BC840E2290A43F009DCB4D /* PBXContainerItemProxy */ = {
			isa = PBXContainerItemProxy;
			containerPortal = 92BC83E62290A43E009DCB4D /* Project object */;
			proxyType = 1;
			remoteGlobalIDString = 92BC83ED2290A43E009DCB4D;
			remoteInfo = TestApp;
		};
/* End PBXContainerItemProxy section */

/* Begin PBXFileReference section */
		92BC83EE2290A43E009DCB4D /* TestApp.app */ = {isa = PBXFileReference; explicitFileType = wrapper.application; includeInIndex = 0; path = TestApp.app; sourceTree = BUILT_PRODUCTS_DIR; };
		92BC83F12290A43E009DCB4D /* AppDelegate.swift */ = {isa = PBXFileReference; lastKnownFileType = sourcecode.swift; path = AppDelegate.swift; sourceTree = "<group>"; };
		92BC83F32290A43E009DCB4D /* ViewController.swift */ = {isa = PBXFileReference; lastKnownFileType = sourcecode.swift; path = ViewController.swift; sourceTree = "<group>"; };
		92BC83F62290A43E009DCB4D /* Base */ = {isa = PBXFileReference; lastKnownFileType = file.storyboard; name = Base; path = Base.lproj/Main.storyboard; sourceTree = "<group>"; };
		92BC83F82290A43F009DCB4D /* Assets.xcassets */ = {isa = PBXFileReference; lastKnownFileType = folder.assetcatalog; path = Assets.xcassets; sourceTree = "<group>"; };
		92BC83FB2290A43F009DCB4D /* Base */ = {isa = PBXFileReference; lastKnownFileType = file.storyboard; name = Base; path = Base.lproj/LaunchScreen.storyboard; sourceTree = "<group>"; };
		92BC83FD2290A43F009DCB4D /* Info.plist */ = {isa = PBXFileReference; lastKnownFileType = text.plist.xml; path = Info.plist; sourceTree = "<group>"; };
		92BC84022290A43F009DCB4D /* TestAppTests.xctest */ = {isa = PBXFileReference; explicitFileType = wrapper.cfbundle; includeInIndex = 0; path = TestAppTests.xctest; sourceTree = BUILT_PRODUCTS_DIR; };
		92BC84062290A43F009DCB4D /* TestAppTests.swift */ = {isa = PBXFileReference; lastKnownFileType = sourcecode.swift; path = TestAppTests.swift; sourceTree = "<group>"; };
		92BC84082290A43F009DCB4D /* Info.plist */ = {isa = PBXFileReference; lastKnownFileType = text.plist.xml; path = Info.plist; sourceTree = "<group>"; };
		92BC840D2290A43F009DCB4D /* TestAppUITests.xctest */ = {isa = PBXFileReference; explicitFileType = wrapper.cfbundle; includeInIndex = 0; path = TestAppUITests.xctest; sourceTree = BUILT_PRODUCTS_DIR; };
		92BC84112290A43F009DCB4D /* TestAppUITests.swift */ = {isa = PBXFileReference; lastKnownFileType = sourcecode.swift; path = TestAppUITests.swift; sourceTree = "<group>"; };
		92BC84132290A43F009DCB4D /* Info.plist */ = {isa = PBXFileReference; lastKnownFileType = text.plist.xml; path = Info.plist; sourceTree = "<group>"; };
/* End PBXFileReference section */

/* Begin PBXFrameworksBuildPhase section */
		92BC83EB2290A43E009DCB4D /* Frameworks */ = {
			isa = PBXFrameworksBuildPhase;
			buildActionMask = 2147483647;
			files = (
			);
			runOnlyForDeploymentPostprocessing = 0;
		};
		92BC83FF2290A43F009DCB4D /* Frameworks */ = {
			isa = PBXFrameworksBuildPhase;
			buildActionMask = 2147483647;
			files = (
			);
			runOnlyForDeploymentPostprocessing = 0;
		};
		92BC840A2290A43F009DCB4D /* Frameworks */ = {
			isa = PBXFrameworksBuildPhase;
			buildActionMask = 2147483647;
			files = (
			);
			runOnlyForDeploymentPostprocessing = 0;
		};
/* End PBXFrameworksBuildPhase section */

/* Begin PBXGroup section */
		92BC83E52290A43E009DCB4D = {
			isa = PBXGroup;
			children = (
				92BC83F02290A43E009DCB4D /* TestApp */,
				92BC84052290A43F009DCB4D /* TestAppTests */,
				92BC84102290A43F009DCB4D /* TestAppUITests */,
				92BC83EF2290A43E009DCB4D /* Products */,
			);
			sourceTree = "<group>";
		};
		92BC83EF2290A43E009DCB4D /* Products */ = {
			isa = PBXGroup;
			children = (
				92BC83EE2290A43E009DCB4D /* TestApp.app */,
				92BC84022290A43F009DCB4D /* TestAppTests.xctest */,
				92BC840D2290A43F009DCB4D /* TestAppUITests.xctest */,
			);
			name = Products;
			sourceTree = "<group>";
		};
		92BC83F02290A43E009DCB4D /* TestApp */ = {
			isa = PBXGroup;
			children = (
				92BC83F12290A43E009DCB4D /* AppDelegate.swift */,
				92BC83F32290A43E009DCB4D /* ViewController.swift */,
				92BC83F52290A43E009DCB4D /* Main.storyboard */,
				92BC83F82290A43F009DCB4D /* Assets.xcassets */,
				92BC83FA2290A43F009DCB4D /* LaunchScreen.storyboard */,
				92BC83FD2290A43F009DCB4D /* Info.plist */,
			);
			path = TestApp;
			sourceTree = "<group>";
		};
		92BC84052290A43F009DCB4D /* TestAppTests */ = {
			isa = PBXGroup;
			children = (
				92BC84062290A43F009DCB4D /* TestAppTests.swift */,
				92BC84082290A43F009DCB4D /* Info.plist */,
			);
			path = TestAppTests;
			sourceTree = "<group>";
		};
		92BC84102290A43F009DCB4D /* TestAppUITests */ = {
			isa = PBXGroup;
			children = (
				92BC84112290A43F009DCB4D /* TestAppUITests.swift */,
				92BC84132290A43F009DCB4D /* Info.plist */,
			);
			path = TestAppUITests;
			sourceTree = "<group>";
		};
/* End PBXGroup section */

/* Begin PBXNativeTarget section */
		92BC83ED2290A43E009DCB4D /* TestApp */ = {
			isa = PBXNativeTarget;
			buildConfigurationList = 92BC84162290A43F009DCB4D /* Build configuration list for PBXNativeTarget "TestApp" */;
			buildPhases = (
				92BC83EA2290A43E009DCB4D /* Sources */,
				92BC83EB2290A43E009DCB4D /* Frameworks */,
				92BC83EC2290A43E009DCB4D /* Resources */,
			);
			buildRules = (
			);
			dependencies = (
			);
			name = TestApp;
			productName = TestApp;
			productReference = 92BC83EE2290A43E009DCB4D /* TestApp.app */;
			productType = "com.apple.product-type.application";
		};
		92BC84012290A43F009DCB4D /* TestAppTests */ = {
			isa = PBXNativeTarget;
			buildConfigurationList = 92BC84192290A43F009DCB4D /* Build configuration list for PBXNativeTarget "TestAppTests" */;
			buildPhases = (
				92BC83FE2290A43F009DCB4D /* Sources */,
				92BC83FF2290A43F009DCB4D /* Frameworks */,
				92BC84002290A43F009DCB4D /* Resources */,
			);
			buildRules = (
			);
			dependencies = (
				92BC84042290A43F009DCB4D /* PBXTargetDependency */,
			);
			name = TestAppTests;
			productName = TestAppTests;
			productReference = 92BC84022290A43F009DCB4D /* TestAppTests.xctest */;
			productType = "com.apple.product-type.bundle.unit-test";
		};
		92BC840C2290A43F009DCB4D /* TestAppUITests */ = {
			isa = PBXNativeTarget;
			buildConfigurationList = 92BC841C2290A43F009DCB4D /* Build configuration list for PBXNativeTarget "TestAppUITests" */;
			buildPhases = (
				92BC84092290A43F009DCB4D /* Sources */,
				92BC840A2290A43F009DCB4D /* Frameworks */,
				92BC840B2290A43F009DCB4D /* Resources */,
			);
			buildRules = (
			);
			dependencies = (
				92BC840F2290A43F009DCB4D /* PBXTargetDependency */,
			);
			name = TestAppUITests;
			productName = TestAppUITests;
			productReference = 92BC840D2290A43F009DCB4D /* TestAppUITests.xctest */;
			productType = "com.apple.product-type.bundle.ui-testing";
		};
/* End PBXNativeTarget section */

/* Begin PBXProject section */
		92BC83E62290A43E009DCB4D /* Project object */ = {
			isa = PBXProject;
			attributes = {
				LastSwiftUpdateCheck = 1020;
				LastUpgradeCheck = 1020;
				ORGANIZATIONNAME = Zach;
				TargetAttributes = {
					92BC83ED2290A43E009DCB4D = {
						CreatedOnToolsVersion = 10.2;
					};
					92BC84012290A43F009DCB4D = {
						CreatedOnToolsVersion = 10.2;
						TestTargetID = 92BC83ED2290A43E009DCB4D;
					};
					92BC840C2290A43F009DCB4D = {
						CreatedOnToolsVersion = 10.2;
						TestTargetID = 92BC83ED2290A43E009DCB4D;
					};
				};
			};
			buildConfigurationList = 92BC83E92290A43E009DCB4D /* Build configuration list for PBXProject "TestApp" */;
			compatibilityVersion = "Xcode 9.3";
			developmentRegion = en;
			hasScannedForEncodings = 0;
			knownRegions = (
				en,
				Base,
			);
			mainGroup = 92BC83E52290A43E009DCB4D;
			productRefGroup = 92BC83EF2290A43E009DCB4D /* Products */;
			projectDirPath = "";
			projectRoot = "";
			targets = (
				92BC83ED2290A43E009DCB4D /* TestApp */,
				92BC84012290A43F009DCB4D /* TestAppTests */,
				92BC840C2290A43F009DCB4D /* TestAppUITests */,
			);
		};
/* End PBXProject section */

/* Begin PBXResourcesBuildPhase section */
		92BC83EC2290A43E009DCB4D /* Resources */ = {
			isa = PBXResourcesBuildPhase;
			buildActionMask = 2147483647;
			files = (
				92BC83FC2290A43F009DCB4D /* LaunchScreen.storyboard in Resources */,
				92BC83F92290A43F009DCB4D /* Assets.xcassets in Resources */,
				92BC83F72290A43E009DCB4D /* Main.storyboard in Resources */,
			);
			runOnlyForDeploymentPostprocessing = 0;
		};
		92BC84002290A43F009DCB4D /* Resources */ = {
			isa = PBXResourcesBuildPhase;
			buildActionMask = 2147483647;
			files = (
			);
			runOnlyForDeploymentPostprocessing = 0;
		};
		92BC840B2290A43F009DCB4D /* Resources */ = {
			isa = PBXResourcesBuildPhase;
			buildActionMask = 2147483647;
			files = (
			);
			runOnlyForDeploymentPostprocessing = 0;
		};
/* End PBXResourcesBuildPhase section */

/* Begin PBXSourcesBuildPhase section */
		92BC83EA2290A43E009DCB4D /* Sources */ = {
			isa = PBXSourcesBuildPhase;
			buildActionMask = 2147483647;
			files = (
				92BC83F42290A43E009DCB4D /* ViewController.swift in Sources */,
				92BC83F22290A43E009DCB4D /* AppDelegate.swift in Sources */,
			);
			runOnlyForDeploymentPostprocessing = 0;
		};
		92BC83FE2290A43F009DCB4D /* Sources */ = {
			isa = PBXSourcesBuildPhase;
			buildActionMask = 2147483647;
			files = (
				92BC84072290A43F009DCB4D /* TestAppTests.swift in Sources */,
			);
			runOnlyForDeploymentPostprocessing = 0;
		};
		92BC84092290A43F009DCB4D /* Sources */ = {
			isa = PBXSourcesBuildPhase;
			buildActionMask = 2147483647;
			files = (
				92BC84122290A43F009DCB4D /* TestAppUITests.swift in Sources */,
			);
			runOnlyForDeploymentPostprocessing = 0;
		};
/* End PBXSourcesBuildPhase section */

/* Begin PBXTargetDependency section */
		92BC84042290A43F009DCB4D /* PBXTargetDependency */ = {
			isa = PBXTargetDependency;
			target = 92BC83ED2290A43E009DCB4D /* TestApp */;
			targetProxy = 92BC84032290A43F009DCB4D /* PBXContainerItemProxy */;
		};
		92BC840F2290A43F009DCB4D /* PBXTargetDependency */ = {
			isa = PBXTargetDependency;
			target = 92BC83ED2290A43E009DCB4D /* TestApp */;
			targetProxy = 92BC840E2290A43F009DCB4D /* PBXContainerItemProxy */;
		};
/* End PBXTargetDependency section */

/* Begin PBXVariantGroup section */
		92BC83F52290A43E009DCB4D /* Main.storyboard */ = {
			isa = PBXVariantGroup;
			children = (
				92BC83F62290A43E009DCB4D /* Base */,
			);
			name = Main.storyboard;
			sourceTree = "<group>";
		};
		92BC83FA2290A43F009DCB4D /* LaunchScreen.storyboard */ = {
			isa = PBXVariantGroup;
			children = (
				92BC83FB2290A43F009DCB4D /* Base */,
			);
			name = LaunchScreen.storyboard;
			sourceTree = "<group>";
		};
/* End PBXVariantGroup section */

/* Begin XCBuildConfiguration section */
		92BC84142290A43F009DCB4D /* Debug */ = {
			isa = XCBuildConfiguration;
			buildSettings = {
				ALWAYS_SEARCH_USER_PATHS = NO;
				CLANG_ANALYZER_NONNULL = YES;
				CLANG_ANALYZER_NUMBER_OBJECT_CONVERSION = YES_AGGRESSIVE;
				CLANG_CXX_LANGUAGE_STANDARD = "gnu++14";
				CLANG_CXX_LIBRARY = "libc++";
				CLANG_ENABLE_MODULES = YES;
				CLANG_ENABLE_OBJC_ARC = YES;
				CLANG_ENABLE_OBJC_WEAK = YES;
				CLANG_WARN_BLOCK_CAPTURE_AUTORELEASING = YES;
				CLANG_WARN_BOOL_CONVERSION = YES;
				CLANG_WARN_COMMA = YES;
				CLANG_WARN_CONSTANT_CONVERSION = YES;
				CLANG_WARN_DEPRECATED_OBJC_IMPLEMENTATIONS = YES;
				CLANG_WARN_DIRECT_OBJC_ISA_USAGE = YES_ERROR;
				CLANG_WARN_DOCUMENTATION_COMMENTS = YES;
				CLANG_WARN_EMPTY_BODY = YES;
				CLANG_WARN_ENUM_CONVERSION = YES;
				CLANG_WARN_INFINITE_RECURSION = YES;
				CLANG_WARN_INT_CONVERSION = YES;
				CLANG_WARN_NON_LITERAL_NULL_CONVERSION = YES;
				CLANG_WARN_OBJC_IMPLICIT_RETAIN_SELF = YES;
				CLANG_WARN_OBJC_LITERAL_CONVERSION = YES;
				CLANG_WARN_OBJC_ROOT_CLASS = YES_ERROR;
				CLANG_WARN_RANGE_LOOP_ANALYSIS = YES;
				CLANG_WARN_STRICT_PROTOTYPES = YES;
				CLANG_WARN_SUSPICIOUS_MOVE = YES;
				CLANG_WARN_UNGUARDED_AVAILABILITY = YES_AGGRESSIVE;
				CLANG_WARN_UNREACHABLE_CODE = YES;
				CLANG_WARN__DUPLICATE_METHOD_MATCH = YES;
				CODE_SIGN_IDENTITY = "iPhone Developer";
				COPY_PHASE_STRIP = NO;
				DEBUG_INFORMATION_FORMAT = dwarf;
				ENABLE_STRICT_OBJC_MSGSEND = YES;
				ENABLE_TESTABILITY = YES;
				GCC_C_LANGUAGE_STANDARD = gnu11;
				GCC_DYNAMIC_NO_PIC = NO;
				GCC_NO_COMMON_BLOCKS = YES;
				GCC_OPTIMIZATION_LEVEL = 0;
				GCC_PREPROCESSOR_DEFINITIONS = (
					"DEBUG=1",
					"$(inherited)",
				);
				GCC_WARN_64_TO_32_BIT_CONVERSION = YES;
				GCC_WARN_ABOUT_RETURN_TYPE = YES_ERROR;
				GCC_WARN_UNDECLARED_SELECTOR = YES;
				GCC_WARN_UNINITIALIZED_AUTOS = YES_AGGRESSIVE;
				GCC_WARN_UNUSED_FUNCTION = YES;
				GCC_WARN_UNUSED_VARIABLE = YES;
				IPHONEOS_DEPLOYMENT_TARGET = 12.2;
				MTL_ENABLE_DEBUG_INFO = INCLUDE_SOURCE;
				MTL_FAST_MATH = YES;
				ONLY_ACTIVE_ARCH = YES;
				SDKROOT = iphoneos;
				SWIFT_ACTIVE_COMPILATION_CONDITIONS = DEBUG;
				SWIFT_OPTIMIZATION_LEVEL = "-Onone";
			};
			name = Debug;
		};
		92BC84152290A43F009DCB4D /* Release */ = {
			isa = XCBuildConfiguration;
			buildSettings = {
				ALWAYS_SEARCH_USER_PATHS = NO;
				CLANG_ANALYZER_NONNULL = YES;
				CLANG_ANALYZER_NUMBER_OBJECT_CONVERSION = YES_AGGRESSIVE;
				CLANG_CXX_LANGUAGE_STANDARD = "gnu++14";
				CLANG_CXX_LIBRARY = "libc++";
				CLANG_ENABLE_MODULES = YES;
				CLANG_ENABLE_OBJC_ARC = YES;
				CLANG_ENABLE_OBJC_WEAK = YES;
				CLANG_WARN_BLOCK_CAPTURE_AUTORELEASING = YES;
				CLANG_WARN_BOOL_CONVERSION = YES;
				CLANG_WARN_COMMA = YES;
				CLANG_WARN_CONSTANT_CONVERSION = YES;
				CLANG_WARN_DEPRECATED_OBJC_IMPLEMENTATIONS = YES;
				CLANG_WARN_DIRECT_OBJC_ISA_USAGE = YES_ERROR;
				CLANG_WARN_DOCUMENTATION_COMMENTS = YES;
				CLANG_WARN_EMPTY_BODY = YES;
				CLANG_WARN_ENUM_CONVERSION = YES;
				CLANG_WARN_INFINITE_RECURSION = YES;
				CLANG_WARN_INT_CONVERSION = YES;
				CLANG_WARN_NON_LITERAL_NULL_CONVERSION = YES;
				CLANG_WARN_OBJC_IMPLICIT_RETAIN_SELF = YES;
				CLANG_WARN_OBJC_LITERAL_CONVERSION = YES;
				CLANG_WARN_OBJC_ROOT_CLASS = YES_ERROR;
				CLANG_WARN_RANGE_LOOP_ANALYSIS = YES;
				CLANG_WARN_STRICT_PROTOTYPES = YES;
				CLANG_WARN_SUSPICIOUS_MOVE = YES;
				CLANG_WARN_UNGUARDED_AVAILABILITY = YES_AGGRESSIVE;
				CLANG_WARN_UNREACHABLE_CODE = YES;
				CLANG_WARN__DUPLICATE_METHOD_MATCH = YES;
				CODE_SIGN_IDENTITY = "iPhone Developer";
				COPY_PHASE_STRIP = NO;
				DEBUG_INFORMATION_FORMAT = "dwarf-with-dsym";
				ENABLE_NS_ASSERTIONS = NO;
				ENABLE_STRICT_OBJC_MSGSEND = YES;
				GCC_C_LANGUAGE_STANDARD = gnu11;
				GCC_NO_COMMON_BLOCKS = YES;
				GCC_WARN_64_TO_32_BIT_CONVERSION = YES;
				GCC_WARN_ABOUT_RETURN_TYPE = YES_ERROR;
				GCC_WARN_UNDECLARED_SELECTOR = YES;
				GCC_WARN_UNINITIALIZED_AUTOS = YES_AGGRESSIVE;
				GCC_WARN_UNUSED_FUNCTION = YES;
				GCC_WARN_UNUSED_VARIABLE = YES;
				IPHONEOS_DEPLOYMENT_TARGET = 12.2;
				MTL_ENABLE_DEBUG_INFO = NO;
				MTL_FAST_MATH = YES;
				SDKROOT = iphoneos;
				SWIFT_COMPILATION_MODE = wholemodule;
				SWIFT_OPTIMIZATION_LEVEL = "-O";
				VALIDATE_PRODUCT = YES;
			};
			name = Release;
		};
		92BC84172290A43F009DCB4D /* Debug */ = {
			isa = XCBuildConfiguration;
			buildSettings = {
				ASSETCATALOG_COMPILER_APPICON_NAME = AppIcon;
				CODE_SIGN_STYLE = Automatic;
				DEVELOPMENT_TEAM = CTFSB7Y8TD;
				INFOPLIST_FILE = TestApp/Info.plist;
				LD_RUNPATH_SEARCH_PATHS = (
					"$(inherited)",
					"@executable_path/Frameworks",
				);
				PRODUCT_BUNDLE_IDENTIFIER = com.zachmcw.TestApp;
				PRODUCT_NAME = "$(TARGET_NAME)";
				SWIFT_VERSION = 5.0;
				TARGETED_DEVICE_FAMILY = "1,2";
			};
			name = Debug;
		};
		92BC84182290A43F009DCB4D /* Release */ = {
			isa = XCBuildConfiguration;
			buildSettings = {
				ASSETCATALOG_COMPILER_APPICON_NAME = AppIcon;
				CODE_SIGN_STYLE = Automatic;
				DEVELOPMENT_TEAM = CTFSB7Y8TD;
				INFOPLIST_FILE = TestApp/Info.plist;
				LD_RUNPATH_SEARCH_PATHS = (
					"$(inherited)",
					"@executable_path/Frameworks",
				);
				PRODUCT_BUNDLE_IDENTIFIER = com.zachmcw.TestApp;
				PRODUCT_NAME = "$(TARGET_NAME)";
				SWIFT_VERSION = 5.0;
				TARGETED_DEVICE_FAMILY = "1,2";
			};
			name = Release;
		};
		92BC841A2290A43F009DCB4D /* Debug */ = {
			isa = XCBuildConfiguration;
			buildSettings = {
				ALWAYS_EMBED_SWIFT_STANDARD_LIBRARIES = YES;
				BUNDLE_LOADER = "$(TEST_HOST)";
				CODE_SIGN_STYLE = Automatic;
				DEVELOPMENT_TEAM = CTFSB7Y8TD;
				INFOPLIST_FILE = TestAppTests/Info.plist;
				LD_RUNPATH_SEARCH_PATHS = (
					"$(inherited)",
					"@executable_path/Frameworks",
					"@loader_path/Frameworks",
				);
				PRODUCT_BUNDLE_IDENTIFIER = com.zachmcw.TestAppTests;
				PRODUCT_NAME = "$(TARGET_NAME)";
				SWIFT_VERSION = 5.0;
				TARGETED_DEVICE_FAMILY = "1,2";
				TEST_HOST = "$(BUILT_PRODUCTS_DIR)/TestApp.app/TestApp";
			};
			name = Debug;
		};
		92BC841B2290A43F009DCB4D /* Release */ = {
			isa = XCBuildConfiguration;
			buildSettings = {
				ALWAYS_EMBED_SWIFT_STANDARD_LIBRARIES = YES;
				BUNDLE_LOADER = "$(TEST_HOST)";
				CODE_SIGN_STYLE = Automatic;
				DEVELOPMENT_TEAM = CTFSB7Y8TD;
				INFOPLIST_FILE = TestAppTests/Info.plist;
				LD_RUNPATH_SEARCH_PATHS = (
					"$(inherited)",
					"@executable_path/Frameworks",
					"@loader_path/Frameworks",
				);
				PRODUCT_BUNDLE_IDENTIFIER = com.zachmcw.TestAppTests;
				PRODUCT_NAME = "$(TARGET_NAME)";
				SWIFT_VERSION = 5.0;
				TARGETED_DEVICE_FAMILY = "1,2";
				TEST_HOST = "$(BUILT_PRODUCTS_DIR)/TestApp.app/TestApp";
			};
			name = Release;
		};
		92BC841D2290A43F009DCB4D /* Debug */ = {
			isa = XCBuildConfiguration;
			buildSettings = {
				ALWAYS_EMBED_SWIFT_STANDARD_LIBRARIES = YES;
				CODE_SIGN_STYLE = Automatic;
				DEVELOPMENT_TEAM = CTFSB7Y8TD;
				INFOPLIST_FILE = TestAppUITests/Info.plist;
				LD_RUNPATH_SEARCH_PATHS = (
					"$(inherited)",
					"@executable_path/Frameworks",
					"@loader_path/Frameworks",
				);
				PRODUCT_BUNDLE_IDENTIFIER = com.zachmcw.TestAppUITests;
				PRODUCT_NAME = "$(TARGET_NAME)";
				SWIFT_VERSION = 5.0;
				TARGETED_DEVICE_FAMILY = "1,2";
				TEST_TARGET_NAME = TestApp;
			};
			name = Debug;
		};
		92BC841E2290A43F009DCB4D /* Release */ = {
			isa = XCBuildConfiguration;
			buildSettings = {
				ALWAYS_EMBED_SWIFT_STANDARD_LIBRARIES = YES;
				CODE_SIGN_STYLE = Automatic;
				DEVELOPMENT_TEAM = CTFSB7Y8TD;
				INFOPLIST_FILE = TestAppUITests/Info.plist;
				LD_RUNPATH_SEARCH_PATHS = (
					"$(inherited)",
					"@executable_path/Frameworks",
					"@loader_path/Frameworks",
				);
				PRODUCT_BUNDLE_IDENTIFIER = com.zachmcw.TestAppUITests;
				PRODUCT_NAME = "$(TARGET_NAME)";
				SWIFT_VERSION = 5.0;
				TARGETED_DEVICE_FAMILY = "1,2";
				TEST_TARGET_NAME = TestApp;
			};
			name = Release;
		};
/* End XCBuildConfiguration section */

/* Begin XCConfigurationList section */
		92BC83E92290A43E009DCB4D /* Build configuration list for PBXProject "TestApp" */ = {
			isa = XCConfigurationList;
			buildConfigurations = (
				92BC84142290A43F009DCB4D /* Debug */,
				92BC84152290A43F009DCB4D /* Release */,
			);
			defaultConfigurationIsVisible = 0;
			defaultConfigurationName = Release;
		};
		92BC84162290A43F009DCB4D /* Build configuration list for PBXNativeTarget "TestApp" */ = {
			isa = XCConfigurationList;
			buildConfigurations = (
				92BC84172290A43F009DCB4D /* Debug */,
				92BC84182290A43F009DCB4D /* Release */,
			);
			defaultConfigurationIsVisible = 0;
			defaultConfigurationName = Release;
		};
		92BC84192290A43F009DCB4D /* Build configuration list for PBXNativeTarget "TestAppTests" */ = {
			isa = XCConfigurationList;
			buildConfigurations = (
				92BC841A2290A43F009DCB4D /* Debug */,
				92BC841B2290A43F009DCB4D /* Release */,
			);
			defaultConfigurationIsVisible = 0;
			defaultConfigurationName = Release;
		};
		92BC841C2290A43F009DCB4D /* Build configuration list for PBXNativeTarget "TestAppUITests" */ = {
			isa = XCConfigurationList;
			buildConfigurations = (
				92BC841D2290A43F009DCB4D /* Debug */,
				92BC841E2290A43F009DCB4D /* Release */,
			);
			defaultConfigurationIsVisible = 0;
			defaultConfigurationName = Release;
		};
/* End XCConfigurationList section */
	};
	rootObject = 92BC83E62290A43E009DCB4D /* Project object */;
}
